// !$*UTF8*$!
{
	archiveVersion = 1;
	classes = {
	};
	objectVersion = 56;
	objects = {

/* Begin PBXBuildFile section */
		426EBDB729CEE11F00BBA6A2 /* RickAndMortyAppApp.swift in Sources */ = {isa = PBXBuildFile; fileRef = 426EBDB629CEE11F00BBA6A2 /* RickAndMortyAppApp.swift */; };
		426EBDB929CEE11F00BBA6A2 /* ContentView.swift in Sources */ = {isa = PBXBuildFile; fileRef = 426EBDB829CEE11F00BBA6A2 /* ContentView.swift */; };
		426EBDBB29CEE12000BBA6A2 /* Assets.xcassets in Resources */ = {isa = PBXBuildFile; fileRef = 426EBDBA29CEE12000BBA6A2 /* Assets.xcassets */; };
		426EBDBE29CEE12000BBA6A2 /* Preview Assets.xcassets in Resources */ = {isa = PBXBuildFile; fileRef = 426EBDBD29CEE12000BBA6A2 /* Preview Assets.xcassets */; };
		426EBDC729CEE22800BBA6A2 /* RMNetwork.swift in Sources */ = {isa = PBXBuildFile; fileRef = 426EBDC629CEE22800BBA6A2 /* RMNetwork.swift */; };
		426EBDCA29CEE25A00BBA6A2 /* Alamofire in Frameworks */ = {isa = PBXBuildFile; productRef = 426EBDC929CEE25A00BBA6A2 /* Alamofire */; };
		426EBDCD29CEE28D00BBA6A2 /* EndPoint.swift in Sources */ = {isa = PBXBuildFile; fileRef = 426EBDCC29CEE28D00BBA6A2 /* EndPoint.swift */; };
		426EBDCF29CEE2E400BBA6A2 /* RMError.swift in Sources */ = {isa = PBXBuildFile; fileRef = 426EBDCE29CEE2E400BBA6A2 /* RMError.swift */; };
		426EBDD129CEE31600BBA6A2 /* RMDecoder.swift in Sources */ = {isa = PBXBuildFile; fileRef = 426EBDD029CEE31600BBA6A2 /* RMDecoder.swift */; };
		426EBDD329CEE38B00BBA6A2 /* CharactersService.swift in Sources */ = {isa = PBXBuildFile; fileRef = 426EBDD229CEE38B00BBA6A2 /* CharactersService.swift */; };
		426EBDD529CEE3AE00BBA6A2 /* CharacterModel.swift in Sources */ = {isa = PBXBuildFile; fileRef = 426EBDD429CEE3AE00BBA6A2 /* CharacterModel.swift */; };
		426EBDD729CEE3F500BBA6A2 /* RMEndpoint.swift in Sources */ = {isa = PBXBuildFile; fileRef = 426EBDD629CEE3F500BBA6A2 /* RMEndpoint.swift */; };
		426EBDE029CEE6A700BBA6A2 /* CharactersViewModel.swift in Sources */ = {isa = PBXBuildFile; fileRef = 426EBDDF29CEE6A700BBA6A2 /* CharactersViewModel.swift */; };
		426EBDE629CEED7300BBA6A2 /* CharactersView.swift in Sources */ = {isa = PBXBuildFile; fileRef = 426EBDE529CEED7300BBA6A2 /* CharactersView.swift */; };
		426EBDE929CEF04800BBA6A2 /* LoadingView.swift in Sources */ = {isa = PBXBuildFile; fileRef = 426EBDE829CEF04800BBA6A2 /* LoadingView.swift */; };
		426EBDEB29CEF5BE00BBA6A2 /* Reducer.swift in Sources */ = {isa = PBXBuildFile; fileRef = 426EBDEA29CEF5BE00BBA6A2 /* Reducer.swift */; };
		426EBDF029CEFEC700BBA6A2 /* Kingfisher in Frameworks */ = {isa = PBXBuildFile; productRef = 426EBDEF29CEFEC700BBA6A2 /* Kingfisher */; };
		426EBDF229CF3CF700BBA6A2 /* CharactersViewState.swift in Sources */ = {isa = PBXBuildFile; fileRef = 426EBDF129CF3CF700BBA6A2 /* CharactersViewState.swift */; };
		426EBDF429CF3D4700BBA6A2 /* CharactersViewEvents.swift in Sources */ = {isa = PBXBuildFile; fileRef = 426EBDF329CF3D4700BBA6A2 /* CharactersViewEvents.swift */; };
/* End PBXBuildFile section */

/* Begin PBXFileReference section */
		426EBDB329CEE11F00BBA6A2 /* RickAndMortyApp.app */ = {isa = PBXFileReference; explicitFileType = wrapper.application; includeInIndex = 0; path = RickAndMortyApp.app; sourceTree = BUILT_PRODUCTS_DIR; };
		426EBDB629CEE11F00BBA6A2 /* RickAndMortyAppApp.swift */ = {isa = PBXFileReference; lastKnownFileType = sourcecode.swift; path = RickAndMortyAppApp.swift; sourceTree = "<group>"; };
		426EBDB829CEE11F00BBA6A2 /* ContentView.swift */ = {isa = PBXFileReference; lastKnownFileType = sourcecode.swift; path = ContentView.swift; sourceTree = "<group>"; };
		426EBDBA29CEE12000BBA6A2 /* Assets.xcassets */ = {isa = PBXFileReference; lastKnownFileType = folder.assetcatalog; path = Assets.xcassets; sourceTree = "<group>"; };
		426EBDBD29CEE12000BBA6A2 /* Preview Assets.xcassets */ = {isa = PBXFileReference; lastKnownFileType = folder.assetcatalog; path = "Preview Assets.xcassets"; sourceTree = "<group>"; };
		426EBDC629CEE22800BBA6A2 /* RMNetwork.swift */ = {isa = PBXFileReference; lastKnownFileType = sourcecode.swift; path = RMNetwork.swift; sourceTree = "<group>"; };
		426EBDCC29CEE28D00BBA6A2 /* EndPoint.swift */ = {isa = PBXFileReference; lastKnownFileType = sourcecode.swift; path = EndPoint.swift; sourceTree = "<group>"; };
		426EBDCE29CEE2E400BBA6A2 /* RMError.swift */ = {isa = PBXFileReference; lastKnownFileType = sourcecode.swift; path = RMError.swift; sourceTree = "<group>"; };
		426EBDD029CEE31600BBA6A2 /* RMDecoder.swift */ = {isa = PBXFileReference; lastKnownFileType = sourcecode.swift; path = RMDecoder.swift; sourceTree = "<group>"; };
		426EBDD229CEE38B00BBA6A2 /* CharactersService.swift */ = {isa = PBXFileReference; lastKnownFileType = sourcecode.swift; path = CharactersService.swift; sourceTree = "<group>"; };
		426EBDD429CEE3AE00BBA6A2 /* CharacterModel.swift */ = {isa = PBXFileReference; lastKnownFileType = sourcecode.swift; path = CharacterModel.swift; sourceTree = "<group>"; };
		426EBDD629CEE3F500BBA6A2 /* RMEndpoint.swift */ = {isa = PBXFileReference; lastKnownFileType = sourcecode.swift; path = RMEndpoint.swift; sourceTree = "<group>"; };
		426EBDDF29CEE6A700BBA6A2 /* CharactersViewModel.swift */ = {isa = PBXFileReference; lastKnownFileType = sourcecode.swift; path = CharactersViewModel.swift; sourceTree = "<group>"; };
		426EBDE529CEED7300BBA6A2 /* CharactersView.swift */ = {isa = PBXFileReference; lastKnownFileType = sourcecode.swift; path = CharactersView.swift; sourceTree = "<group>"; };
		426EBDE829CEF04800BBA6A2 /* LoadingView.swift */ = {isa = PBXFileReference; lastKnownFileType = sourcecode.swift; path = LoadingView.swift; sourceTree = "<group>"; };
		426EBDEA29CEF5BE00BBA6A2 /* Reducer.swift */ = {isa = PBXFileReference; lastKnownFileType = sourcecode.swift; path = Reducer.swift; sourceTree = "<group>"; };
		426EBDF129CF3CF700BBA6A2 /* CharactersViewState.swift */ = {isa = PBXFileReference; lastKnownFileType = sourcecode.swift; path = CharactersViewState.swift; sourceTree = "<group>"; };
		426EBDF329CF3D4700BBA6A2 /* CharactersViewEvents.swift */ = {isa = PBXFileReference; lastKnownFileType = sourcecode.swift; path = CharactersViewEvents.swift; sourceTree = "<group>"; };
/* End PBXFileReference section */

/* Begin PBXFrameworksBuildPhase section */
		426EBDB029CEE11F00BBA6A2 /* Frameworks */ = {
			isa = PBXFrameworksBuildPhase;
			buildActionMask = 2147483647;
			files = (
				426EBDF029CEFEC700BBA6A2 /* Kingfisher in Frameworks */,
				426EBDCA29CEE25A00BBA6A2 /* Alamofire in Frameworks */,
			);
			runOnlyForDeploymentPostprocessing = 0;
		};
/* End PBXFrameworksBuildPhase section */

/* Begin PBXGroup section */
		426EBDAA29CEE11F00BBA6A2 = {
			isa = PBXGroup;
			children = (
				426EBDB529CEE11F00BBA6A2 /* RickAndMortyApp */,
				426EBDB429CEE11F00BBA6A2 /* Products */,
			);
			sourceTree = "<group>";
		};
		426EBDB429CEE11F00BBA6A2 /* Products */ = {
			isa = PBXGroup;
			children = (
				426EBDB329CEE11F00BBA6A2 /* RickAndMortyApp.app */,
			);
			name = Products;
			sourceTree = "<group>";
		};
		426EBDB529CEE11F00BBA6A2 /* RickAndMortyApp */ = {
			isa = PBXGroup;
			children = (
				426EBDE129CEE7A300BBA6A2 /* Helper */,
				426EBDD829CEE48A00BBA6A2 /* UI */,
				426EBDC429CEE13300BBA6A2 /* Service */,
				426EBDC529CEE1CD00BBA6A2 /* Network */,
				426EBDB629CEE11F00BBA6A2 /* RickAndMortyAppApp.swift */,
				426EBDB829CEE11F00BBA6A2 /* ContentView.swift */,
				426EBDBA29CEE12000BBA6A2 /* Assets.xcassets */,
				426EBDBC29CEE12000BBA6A2 /* Preview Content */,
			);
			path = RickAndMortyApp;
			sourceTree = "<group>";
		};
		426EBDBC29CEE12000BBA6A2 /* Preview Content */ = {
			isa = PBXGroup;
			children = (
				426EBDBD29CEE12000BBA6A2 /* Preview Assets.xcassets */,
			);
			path = "Preview Content";
			sourceTree = "<group>";
		};
		426EBDC429CEE13300BBA6A2 /* Service */ = {
			isa = PBXGroup;
			children = (
				426EBDD229CEE38B00BBA6A2 /* CharactersService.swift */,
				426EBDD429CEE3AE00BBA6A2 /* CharacterModel.swift */,
			);
			path = Service;
			sourceTree = "<group>";
		};
		426EBDC529CEE1CD00BBA6A2 /* Network */ = {
			isa = PBXGroup;
			children = (
				426EBDCB29CEE27100BBA6A2 /* EndPoints */,
				426EBDC629CEE22800BBA6A2 /* RMNetwork.swift */,
				426EBDCE29CEE2E400BBA6A2 /* RMError.swift */,
				426EBDD029CEE31600BBA6A2 /* RMDecoder.swift */,
				426EBDCC29CEE28D00BBA6A2 /* EndPoint.swift */,
			);
			path = Network;
			sourceTree = "<group>";
		};
		426EBDCB29CEE27100BBA6A2 /* EndPoints */ = {
			isa = PBXGroup;
			children = (
				426EBDD629CEE3F500BBA6A2 /* RMEndpoint.swift */,
			);
			path = EndPoints;
			sourceTree = "<group>";
		};
		426EBDD829CEE48A00BBA6A2 /* UI */ = {
			isa = PBXGroup;
			children = (
				426EBDDA29CEE49700BBA6A2 /* LoginScreen */,
				426EBDD929CEE49100BBA6A2 /* MainScreens */,
			);
			path = UI;
			sourceTree = "<group>";
		};
		426EBDD929CEE49100BBA6A2 /* MainScreens */ = {
			isa = PBXGroup;
			children = (
				426EBDDB29CEE4B600BBA6A2 /* CharactersScreen */,
			);
			path = MainScreens;
			sourceTree = "<group>";
		};
		426EBDDA29CEE49700BBA6A2 /* LoginScreen */ = {
			isa = PBXGroup;
			children = (
			);
			path = LoginScreen;
			sourceTree = "<group>";
		};
		426EBDDB29CEE4B600BBA6A2 /* CharactersScreen */ = {
			isa = PBXGroup;
			children = (
				426EBDDD29CEE4C600BBA6A2 /* ViewModel */,
				426EBDDC29CEE4C100BBA6A2 /* View */,
			);
			path = CharactersScreen;
			sourceTree = "<group>";
		};
		426EBDDC29CEE4C100BBA6A2 /* View */ = {
			isa = PBXGroup;
			children = (
				426EBDE529CEED7300BBA6A2 /* CharactersView.swift */,
			);
			path = View;
			sourceTree = "<group>";
		};
		426EBDDD29CEE4C600BBA6A2 /* ViewModel */ = {
			isa = PBXGroup;
			children = (
				426EBDDF29CEE6A700BBA6A2 /* CharactersViewModel.swift */,
				426EBDEA29CEF5BE00BBA6A2 /* Reducer.swift */,
				426EBDF129CF3CF700BBA6A2 /* CharactersViewState.swift */,
				426EBDF329CF3D4700BBA6A2 /* CharactersViewEvents.swift */,
			);
			path = ViewModel;
			sourceTree = "<group>";
		};
		426EBDE129CEE7A300BBA6A2 /* Helper */ = {
			isa = PBXGroup;
			children = (
				426EBDE729CEF03800BBA6A2 /* UI */,
			);
			path = Helper;
			sourceTree = "<group>";
		};
		426EBDE729CEF03800BBA6A2 /* UI */ = {
			isa = PBXGroup;
			children = (
				426EBDE829CEF04800BBA6A2 /* LoadingView.swift */,
			);
			path = UI;
			sourceTree = "<group>";
		};
/* End PBXGroup section */

/* Begin PBXNativeTarget section */
		426EBDB229CEE11F00BBA6A2 /* RickAndMortyApp */ = {
			isa = PBXNativeTarget;
			buildConfigurationList = 426EBDC129CEE12000BBA6A2 /* Build configuration list for PBXNativeTarget "RickAndMortyApp" */;
			buildPhases = (
				426EBDAF29CEE11F00BBA6A2 /* Sources */,
				426EBDB029CEE11F00BBA6A2 /* Frameworks */,
				426EBDB129CEE11F00BBA6A2 /* Resources */,
			);
			buildRules = (
			);
			dependencies = (
			);
			name = RickAndMortyApp;
			packageProductDependencies = (
				426EBDC929CEE25A00BBA6A2 /* Alamofire */,
				426EBDEF29CEFEC700BBA6A2 /* Kingfisher */,
			);
			productName = RickAndMortyApp;
			productReference = 426EBDB329CEE11F00BBA6A2 /* RickAndMortyApp.app */;
			productType = "com.apple.product-type.application";
		};
/* End PBXNativeTarget section */

/* Begin PBXProject section */
		426EBDAB29CEE11F00BBA6A2 /* Project object */ = {
			isa = PBXProject;
			attributes = {
				BuildIndependentTargetsInParallel = 1;
				LastSwiftUpdateCheck = 1420;
				LastUpgradeCheck = 1420;
				TargetAttributes = {
					426EBDB229CEE11F00BBA6A2 = {
						CreatedOnToolsVersion = 14.2;
					};
				};
			};
			buildConfigurationList = 426EBDAE29CEE11F00BBA6A2 /* Build configuration list for PBXProject "RickAndMortyApp" */;
			compatibilityVersion = "Xcode 14.0";
			developmentRegion = en;
			hasScannedForEncodings = 0;
			knownRegions = (
				en,
				Base,
			);
			mainGroup = 426EBDAA29CEE11F00BBA6A2;
			packageReferences = (
				426EBDC829CEE25A00BBA6A2 /* XCRemoteSwiftPackageReference "Alamofire" */,
				426EBDEE29CEFEC700BBA6A2 /* XCRemoteSwiftPackageReference "Kingfisher" */,
			);
			productRefGroup = 426EBDB429CEE11F00BBA6A2 /* Products */;
			projectDirPath = "";
			projectRoot = "";
			targets = (
				426EBDB229CEE11F00BBA6A2 /* RickAndMortyApp */,
			);
		};
/* End PBXProject section */

/* Begin PBXResourcesBuildPhase section */
		426EBDB129CEE11F00BBA6A2 /* Resources */ = {
			isa = PBXResourcesBuildPhase;
			buildActionMask = 2147483647;
			files = (
				426EBDBE29CEE12000BBA6A2 /* Preview Assets.xcassets in Resources */,
				426EBDBB29CEE12000BBA6A2 /* Assets.xcassets in Resources */,
			);
			runOnlyForDeploymentPostprocessing = 0;
		};
/* End PBXResourcesBuildPhase section */

/* Begin PBXSourcesBuildPhase section */
		426EBDAF29CEE11F00BBA6A2 /* Sources */ = {
			isa = PBXSourcesBuildPhase;
			buildActionMask = 2147483647;
			files = (
				426EBDD329CEE38B00BBA6A2 /* CharactersService.swift in Sources */,
				426EBDB929CEE11F00BBA6A2 /* ContentView.swift in Sources */,
				426EBDD729CEE3F500BBA6A2 /* RMEndpoint.swift in Sources */,
				426EBDD129CEE31600BBA6A2 /* RMDecoder.swift in Sources */,
				426EBDE029CEE6A700BBA6A2 /* CharactersViewModel.swift in Sources */,
				426EBDF229CF3CF700BBA6A2 /* CharactersViewState.swift in Sources */,
				426EBDF429CF3D4700BBA6A2 /* CharactersViewEvents.swift in Sources */,
				426EBDE929CEF04800BBA6A2 /* LoadingView.swift in Sources */,
				426EBDB729CEE11F00BBA6A2 /* RickAndMortyAppApp.swift in Sources */,
				426EBDE629CEED7300BBA6A2 /* CharactersView.swift in Sources */,
				426EBDCD29CEE28D00BBA6A2 /* EndPoint.swift in Sources */,
				426EBDD529CEE3AE00BBA6A2 /* CharacterModel.swift in Sources */,
				426EBDEB29CEF5BE00BBA6A2 /* Reducer.swift in Sources */,
				426EBDC729CEE22800BBA6A2 /* RMNetwork.swift in Sources */,
				426EBDCF29CEE2E400BBA6A2 /* RMError.swift in Sources */,
			);
			runOnlyForDeploymentPostprocessing = 0;
		};
/* End PBXSourcesBuildPhase section */

/* Begin XCBuildConfiguration section */
		426EBDBF29CEE12000BBA6A2 /* Debug */ = {
			isa = XCBuildConfiguration;
			buildSettings = {
				ALWAYS_SEARCH_USER_PATHS = NO;
				CLANG_ANALYZER_NONNULL = YES;
				CLANG_ANALYZER_NUMBER_OBJECT_CONVERSION = YES_AGGRESSIVE;
				CLANG_CXX_LANGUAGE_STANDARD = "gnu++20";
				CLANG_ENABLE_MODULES = YES;
				CLANG_ENABLE_OBJC_ARC = YES;
				CLANG_ENABLE_OBJC_WEAK = YES;
				CLANG_WARN_BLOCK_CAPTURE_AUTORELEASING = YES;
				CLANG_WARN_BOOL_CONVERSION = YES;
				CLANG_WARN_COMMA = YES;
				CLANG_WARN_CONSTANT_CONVERSION = YES;
				CLANG_WARN_DEPRECATED_OBJC_IMPLEMENTATIONS = YES;
				CLANG_WARN_DIRECT_OBJC_ISA_USAGE = YES_ERROR;
				CLANG_WARN_DOCUMENTATION_COMMENTS = YES;
				CLANG_WARN_EMPTY_BODY = YES;
				CLANG_WARN_ENUM_CONVERSION = YES;
				CLANG_WARN_INFINITE_RECURSION = YES;
				CLANG_WARN_INT_CONVERSION = YES;
				CLANG_WARN_NON_LITERAL_NULL_CONVERSION = YES;
				CLANG_WARN_OBJC_IMPLICIT_RETAIN_SELF = YES;
				CLANG_WARN_OBJC_LITERAL_CONVERSION = YES;
				CLANG_WARN_OBJC_ROOT_CLASS = YES_ERROR;
				CLANG_WARN_QUOTED_INCLUDE_IN_FRAMEWORK_HEADER = YES;
				CLANG_WARN_RANGE_LOOP_ANALYSIS = YES;
				CLANG_WARN_STRICT_PROTOTYPES = YES;
				CLANG_WARN_SUSPICIOUS_MOVE = YES;
				CLANG_WARN_UNGUARDED_AVAILABILITY = YES_AGGRESSIVE;
				CLANG_WARN_UNREACHABLE_CODE = YES;
				CLANG_WARN__DUPLICATE_METHOD_MATCH = YES;
				COPY_PHASE_STRIP = NO;
				DEBUG_INFORMATION_FORMAT = dwarf;
				ENABLE_STRICT_OBJC_MSGSEND = YES;
				ENABLE_TESTABILITY = YES;
				GCC_C_LANGUAGE_STANDARD = gnu11;
				GCC_DYNAMIC_NO_PIC = NO;
				GCC_NO_COMMON_BLOCKS = YES;
				GCC_OPTIMIZATION_LEVEL = 0;
				GCC_PREPROCESSOR_DEFINITIONS = (
					"DEBUG=1",
					"$(inherited)",
				);
				GCC_WARN_64_TO_32_BIT_CONVERSION = YES;
				GCC_WARN_ABOUT_RETURN_TYPE = YES_ERROR;
				GCC_WARN_UNDECLARED_SELECTOR = YES;
				GCC_WARN_UNINITIALIZED_AUTOS = YES_AGGRESSIVE;
				GCC_WARN_UNUSED_FUNCTION = YES;
				GCC_WARN_UNUSED_VARIABLE = YES;
				IPHONEOS_DEPLOYMENT_TARGET = 16.2;
				MTL_ENABLE_DEBUG_INFO = INCLUDE_SOURCE;
				MTL_FAST_MATH = YES;
				ONLY_ACTIVE_ARCH = YES;
				SDKROOT = iphoneos;
				SWIFT_ACTIVE_COMPILATION_CONDITIONS = DEBUG;
				SWIFT_OPTIMIZATION_LEVEL = "-Onone";
			};
			name = Debug;
		};
		426EBDC029CEE12000BBA6A2 /* Release */ = {
			isa = XCBuildConfiguration;
			buildSettings = {
				ALWAYS_SEARCH_USER_PATHS = NO;
				CLANG_ANALYZER_NONNULL = YES;
				CLANG_ANALYZER_NUMBER_OBJECT_CONVERSION = YES_AGGRESSIVE;
				CLANG_CXX_LANGUAGE_STANDARD = "gnu++20";
				CLANG_ENABLE_MODULES = YES;
				CLANG_ENABLE_OBJC_ARC = YES;
				CLANG_ENABLE_OBJC_WEAK = YES;
				CLANG_WARN_BLOCK_CAPTURE_AUTORELEASING = YES;
				CLANG_WARN_BOOL_CONVERSION = YES;
				CLANG_WARN_COMMA = YES;
				CLANG_WARN_CONSTANT_CONVERSION = YES;
				CLANG_WARN_DEPRECATED_OBJC_IMPLEMENTATIONS = YES;
				CLANG_WARN_DIRECT_OBJC_ISA_USAGE = YES_ERROR;
				CLANG_WARN_DOCUMENTATION_COMMENTS = YES;
				CLANG_WARN_EMPTY_BODY = YES;
				CLANG_WARN_ENUM_CONVERSION = YES;
				CLANG_WARN_INFINITE_RECURSION = YES;
				CLANG_WARN_INT_CONVERSION = YES;
				CLANG_WARN_NON_LITERAL_NULL_CONVERSION = YES;
				CLANG_WARN_OBJC_IMPLICIT_RETAIN_SELF = YES;
				CLANG_WARN_OBJC_LITERAL_CONVERSION = YES;
				CLANG_WARN_OBJC_ROOT_CLASS = YES_ERROR;
				CLANG_WARN_QUOTED_INCLUDE_IN_FRAMEWORK_HEADER = YES;
				CLANG_WARN_RANGE_LOOP_ANALYSIS = YES;
				CLANG_WARN_STRICT_PROTOTYPES = YES;
				CLANG_WARN_SUSPICIOUS_MOVE = YES;
				CLANG_WARN_UNGUARDED_AVAILABILITY = YES_AGGRESSIVE;
				CLANG_WARN_UNREACHABLE_CODE = YES;
				CLANG_WARN__DUPLICATE_METHOD_MATCH = YES;
				COPY_PHASE_STRIP = NO;
				DEBUG_INFORMATION_FORMAT = "dwarf-with-dsym";
				ENABLE_NS_ASSERTIONS = NO;
				ENABLE_STRICT_OBJC_MSGSEND = YES;
				GCC_C_LANGUAGE_STANDARD = gnu11;
				GCC_NO_COMMON_BLOCKS = YES;
				GCC_WARN_64_TO_32_BIT_CONVERSION = YES;
				GCC_WARN_ABOUT_RETURN_TYPE = YES_ERROR;
				GCC_WARN_UNDECLARED_SELECTOR = YES;
				GCC_WARN_UNINITIALIZED_AUTOS = YES_AGGRESSIVE;
				GCC_WARN_UNUSED_FUNCTION = YES;
				GCC_WARN_UNUSED_VARIABLE = YES;
				IPHONEOS_DEPLOYMENT_TARGET = 16.2;
				MTL_ENABLE_DEBUG_INFO = NO;
				MTL_FAST_MATH = YES;
				SDKROOT = iphoneos;
				SWIFT_COMPILATION_MODE = wholemodule;
				SWIFT_OPTIMIZATION_LEVEL = "-O";
				VALIDATE_PRODUCT = YES;
			};
			name = Release;
		};
		426EBDC229CEE12000BBA6A2 /* Debug */ = {
			isa = XCBuildConfiguration;
			buildSettings = {
				ASSETCATALOG_COMPILER_APPICON_NAME = AppIcon;
				ASSETCATALOG_COMPILER_GLOBAL_ACCENT_COLOR_NAME = AccentColor;
				CODE_SIGN_STYLE = Automatic;
				CURRENT_PROJECT_VERSION = 1;
				DEVELOPMENT_ASSET_PATHS = "\"RickAndMortyApp/Preview Content\"";
				DEVELOPMENT_TEAM = 7DHTLM7A6M;
				ENABLE_PREVIEWS = YES;
				GENERATE_INFOPLIST_FILE = YES;
				INFOPLIST_KEY_UIApplicationSceneManifest_Generation = YES;
				INFOPLIST_KEY_UIApplicationSupportsIndirectInputEvents = YES;
				INFOPLIST_KEY_UILaunchScreen_Generation = YES;
				INFOPLIST_KEY_UISupportedInterfaceOrientations_iPad = "UIInterfaceOrientationPortrait UIInterfaceOrientationPortraitUpsideDown UIInterfaceOrientationLandscapeLeft UIInterfaceOrientationLandscapeRight";
				INFOPLIST_KEY_UISupportedInterfaceOrientations_iPhone = "UIInterfaceOrientationPortrait UIInterfaceOrientationLandscapeLeft UIInterfaceOrientationLandscapeRight";
				LD_RUNPATH_SEARCH_PATHS = (
					"$(inherited)",
					"@executable_path/Frameworks",
				);
				MARKETING_VERSION = 1.0;
				PRODUCT_BUNDLE_IDENTIFIER = CombineOperators.RickAndMortyApp;
				PRODUCT_NAME = "$(TARGET_NAME)";
				SWIFT_EMIT_LOC_STRINGS = YES;
				SWIFT_VERSION = 5.0;
				TARGETED_DEVICE_FAMILY = "1,2";
			};
			name = Debug;
		};
		426EBDC329CEE12000BBA6A2 /* Release */ = {
			isa = XCBuildConfiguration;
			buildSettings = {
				ASSETCATALOG_COMPILER_APPICON_NAME = AppIcon;
				ASSETCATALOG_COMPILER_GLOBAL_ACCENT_COLOR_NAME = AccentColor;
				CODE_SIGN_STYLE = Automatic;
				CURRENT_PROJECT_VERSION = 1;
				DEVELOPMENT_ASSET_PATHS = "\"RickAndMortyApp/Preview Content\"";
				DEVELOPMENT_TEAM = 7DHTLM7A6M;
				ENABLE_PREVIEWS = YES;
				GENERATE_INFOPLIST_FILE = YES;
				INFOPLIST_KEY_UIApplicationSceneManifest_Generation = YES;
				INFOPLIST_KEY_UIApplicationSupportsIndirectInputEvents = YES;
				INFOPLIST_KEY_UILaunchScreen_Generation = YES;
				INFOPLIST_KEY_UISupportedInterfaceOrientations_iPad = "UIInterfaceOrientationPortrait UIInterfaceOrientationPortraitUpsideDown UIInterfaceOrientationLandscapeLeft UIInterfaceOrientationLandscapeRight";
				INFOPLIST_KEY_UISupportedInterfaceOrientations_iPhone = "UIInterfaceOrientationPortrait UIInterfaceOrientationLandscapeLeft UIInterfaceOrientationLandscapeRight";
				LD_RUNPATH_SEARCH_PATHS = (
					"$(inherited)",
					"@executable_path/Frameworks",
				);
				MARKETING_VERSION = 1.0;
				PRODUCT_BUNDLE_IDENTIFIER = CombineOperators.RickAndMortyApp;
				PRODUCT_NAME = "$(TARGET_NAME)";
				SWIFT_EMIT_LOC_STRINGS = YES;
				SWIFT_VERSION = 5.0;
				TARGETED_DEVICE_FAMILY = "1,2";
			};
			name = Release;
		};
/* End XCBuildConfiguration section */

/* Begin XCConfigurationList section */
		426EBDAE29CEE11F00BBA6A2 /* Build configuration list for PBXProject "RickAndMortyApp" */ = {
			isa = XCConfigurationList;
			buildConfigurations = (
				426EBDBF29CEE12000BBA6A2 /* Debug */,
				426EBDC029CEE12000BBA6A2 /* Release */,
			);
			defaultConfigurationIsVisible = 0;
			defaultConfigurationName = Release;
		};
		426EBDC129CEE12000BBA6A2 /* Build configuration list for PBXNativeTarget "RickAndMortyApp" */ = {
			isa = XCConfigurationList;
			buildConfigurations = (
				426EBDC229CEE12000BBA6A2 /* Debug */,
				426EBDC329CEE12000BBA6A2 /* Release */,
			);
			defaultConfigurationIsVisible = 0;
			defaultConfigurationName = Release;
		};
/* End XCConfigurationList section */

/* Begin XCRemoteSwiftPackageReference section */
		426EBDC829CEE25A00BBA6A2 /* XCRemoteSwiftPackageReference "Alamofire" */ = {
			isa = XCRemoteSwiftPackageReference;
			repositoryURL = "https://github.com/Alamofire/Alamofire";
			requirement = {
				branch = master;
				kind = branch;
			};
		};
		426EBDEE29CEFEC700BBA6A2 /* XCRemoteSwiftPackageReference "Kingfisher" */ = {
			isa = XCRemoteSwiftPackageReference;
			repositoryURL = "https://github.com/onevcat/Kingfisher";
			requirement = {
				kind = upToNextMajorVersion;
				minimumVersion = 7.0.0;
			};
		};
/* End XCRemoteSwiftPackageReference section */

/* Begin XCSwiftPackageProductDependency section */
		426EBDC929CEE25A00BBA6A2 /* Alamofire */ = {
			isa = XCSwiftPackageProductDependency;
			package = 426EBDC829CEE25A00BBA6A2 /* XCRemoteSwiftPackageReference "Alamofire" */;
			productName = Alamofire;
		};
		426EBDEF29CEFEC700BBA6A2 /* Kingfisher */ = {
			isa = XCSwiftPackageProductDependency;
			package = 426EBDEE29CEFEC700BBA6A2 /* XCRemoteSwiftPackageReference "Kingfisher" */;
			productName = Kingfisher;
		};
/* End XCSwiftPackageProductDependency section */
	};
	rootObject = 426EBDAB29CEE11F00BBA6A2 /* Project object */;
}
